{
  "object": {
    "pins": [
      {
        "package": "alloy",
        "repositoryURL": "https://github.com/s1ddok/alloy.git",
        "state": {
          "branch": null,
          "revision": "75b09167be15a1ca47c2e496c283e28248db6a5b",
          "version": "0.17.0"
        }
      },
      {
        "package": "settings-view-controller",
        "repositoryURL": "https://github.com/eugenebokhan/settings-view-controller.git",
        "state": {
          "branch": null,
          "revision": "f17fb81a62a6e314a19aaefda7f0aab58bc36c32",
          "version": "0.2.5"
        }
      },
      {
        "package": "SnapKit",
        "repositoryURL": "https://github.com/SnapKit/SnapKit.git",
        "state": {
          "branch": null,
          "revision": "d458564516e5676af9c70b4f4b2a9178294f1bc6",
          "version": "5.0.1"
        }
      },
      {
        "package": "texture-view",
        "repositoryURL": "https://github.com/eugenebokhan/texture-view.git",
        "state": {
          "branch": null,
          "revision": "170ac97e652365b7de97df0cb5d9f3c38276a0f6",
          "version": "1.0.1"
        }
      }
    ]
  },
  "version": 1
}
